// !$*UTF8*$!
{
	archiveVersion = 1;
	classes = {
	};
	objectVersion = 46;
	objects = {

/* Begin PBXBuildFile section */
		538DE00F1BC6BC450066B2D0 /* main.cpp in Sources */ = {isa = PBXBuildFile; fileRef = 538DE00E1BC6BC450066B2D0 /* main.cpp */; };
		538DE0181BC6BD130066B2D0 /* Memory Algorithms.cpp in Sources */ = {isa = PBXBuildFile; fileRef = 538DE0161BC6BD130066B2D0 /* Memory Algorithms.cpp */; settings = {ASSET_TAGS = (); }; };
/* End PBXBuildFile section */

/* Begin PBXCopyFilesBuildPhase section */
		538DE0091BC6BC430066B2D0 /* CopyFiles */ = {
			isa = PBXCopyFilesBuildPhase;
			buildActionMask = 2147483647;
			dstPath = /usr/share/man/man1/;
			dstSubfolderSpec = 0;
			files = (
			);
			runOnlyForDeploymentPostprocessing = 1;
		};
/* End PBXCopyFilesBuildPhase section */

/* Begin PBXFileReference section */
		538DE00B1BC6BC440066B2D0 /* Memory Algorithms */ = {isa = PBXFileReference; explicitFileType = "compiled.mach-o.executable"; includeInIndex = 0; name = "Memory Algorithms"; path = "/Users/PatrickKevorkian/Desktop/CSC Labs/305 OS Lab/Memory Algorithms/build/Debug/Memory Algorithms"; sourceTree = "<absolute>"; };
		538DE00E1BC6BC450066B2D0 /* main.cpp */ = {isa = PBXFileReference; lastKnownFileType = sourcecode.cpp.cpp; path = main.cpp; sourceTree = "<group>"; };
		538DE0161BC6BD130066B2D0 /* Memory Algorithms.cpp */ = {isa = PBXFileReference; fileEncoding = 4; lastKnownFileType = sourcecode.cpp.cpp; path = "Memory Algorithms.cpp"; sourceTree = "<group>"; };
		538DE0171BC6BD130066B2D0 /* Memory Algorithms.hpp */ = {isa = PBXFileReference; fileEncoding = 4; lastKnownFileType = sourcecode.cpp.h; path = "Memory Algorithms.hpp"; sourceTree = "<group>"; };
/* End PBXFileReference section */

/* Begin PBXFrameworksBuildPhase section */
		538DE0081BC6BC430066B2D0 /* Frameworks */ = {
			isa = PBXFrameworksBuildPhase;
			buildActionMask = 2147483647;
			files = (
			);
			runOnlyForDeploymentPostprocessing = 0;
		};
/* End PBXFrameworksBuildPhase section */

/* Begin PBXGroup section */
		538DE0021BC6BC430066B2D0 = {
			isa = PBXGroup;
			children = (
				538DE00D1BC6BC440066B2D0 /* Memory Algorithms */,
			);
			sourceTree = "<group>";
		};
		538DE00D1BC6BC440066B2D0 /* Memory Algorithms */ = {
			isa = PBXGroup;
			children = (
				538DE00E1BC6BC450066B2D0 /* main.cpp */,
				538DE0161BC6BD130066B2D0 /* Memory Algorithms.cpp */,
				538DE0171BC6BD130066B2D0 /* Memory Algorithms.hpp */,
			);
			path = "Memory Algorithms";
			sourceTree = "<group>";
		};
/* End PBXGroup section */

/* Begin PBXNativeTarget section */
		538DE00A1BC6BC430066B2D0 /* Memory Algorithms */ = {
			isa = PBXNativeTarget;
			buildConfigurationList = 538DE0121BC6BC450066B2D0 /* Build configuration list for PBXNativeTarget "Memory Algorithms" */;
			buildPhases = (
				538DE0071BC6BC430066B2D0 /* Sources */,
				538DE0081BC6BC430066B2D0 /* Frameworks */,
				538DE0091BC6BC430066B2D0 /* CopyFiles */,
			);
			buildRules = (
			);
			dependencies = (
			);
			name = "Memory Algorithms";
			productName = "Memory Algorithms";
			productReference = 538DE00B1BC6BC440066B2D0 /* Memory Algorithms */;
			productType = "com.apple.product-type.tool";
		};
/* End PBXNativeTarget section */

/* Begin PBXProject section */
		538DE0031BC6BC430066B2D0 /* Project object */ = {
			isa = PBXProject;
			attributes = {
				LastUpgradeCheck = 0700;
				ORGANIZATIONNAME = "Pat Kevorkian";
				TargetAttributes = {
					538DE00A1BC6BC430066B2D0 = {
						CreatedOnToolsVersion = 7.0.1;
					};
				};
			};
			buildConfigurationList = 538DE0061BC6BC430066B2D0 /* Build configuration list for PBXProject "Memory Algorithms" */;
			compatibilityVersion = "Xcode 3.2";
			developmentRegion = English;
			hasScannedForEncodings = 0;
			knownRegions = (
				en,
			);
			mainGroup = 538DE0021BC6BC430066B2D0;
			productRefGroup = 538DE0021BC6BC430066B2D0;
			projectDirPath = "";
			projectRoot = "";
			targets = (
				538DE00A1BC6BC430066B2D0 /* Memory Algorithms */,
			);
		};
/* End PBXProject section */

/* Begin PBXSourcesBuildPhase section */
		538DE0071BC6BC430066B2D0 /* Sources */ = {
			isa = PBXSourcesBuildPhase;
			buildActionMask = 2147483647;
			files = (
				538DE00F1BC6BC450066B2D0 /* main.cpp in Sources */,
				538DE0181BC6BD130066B2D0 /* Memory Algorithms.cpp in Sources */,
			);
			runOnlyForDeploymentPostprocessing = 0;
		};
/* End PBXSourcesBuildPhase section */

/* Begin XCBuildConfiguration section */
		538DE0101BC6BC450066B2D0 /* Debug */ = {
			isa = XCBuildConfiguration;
			buildSettings = {
				ALWAYS_SEARCH_USER_PATHS = NO;
				CLANG_CXX_LANGUAGE_STANDARD = "gnu++0x";
				CLANG_CXX_LIBRARY = "libc++";
				CLANG_ENABLE_MODULES = YES;
				CLANG_ENABLE_OBJC_ARC = YES;
				CLANG_WARN_BOOL_CONVERSION = YES;
				CLANG_WARN_CONSTANT_CONVERSION = YES;
				CLANG_WARN_DIRECT_OBJC_ISA_USAGE = YES_ERROR;
				CLANG_WARN_EMPTY_BODY = YES;
				CLANG_WARN_ENUM_CONVERSION = YES;
				CLANG_WARN_INT_CONVERSION = YES;
				CLANG_WARN_OBJC_ROOT_CLASS = YES_ERROR;
				CLANG_WARN_UNREACHABLE_CODE = YES;
				CLANG_WARN__DUPLICATE_METHOD_MATCH = YES;
				COPY_PHASE_STRIP = NO;
				DEBUG_INFORMATION_FORMAT = dwarf;
				ENABLE_STRICT_OBJC_MSGSEND = YES;
				ENABLE_TESTABILITY = YES;
				GCC_C_LANGUAGE_STANDARD = gnu99;
				GCC_DYNAMIC_NO_PIC = NO;
				GCC_NO_COMMON_BLOCKS = YES;
				GCC_OPTIMIZATION_LEVEL = 0;
				GCC_PREPROCESSOR_DEFINITIONS = (
					"DEBUG=1",
					"$(inherited)",
				);
				GCC_WARN_64_TO_32_BIT_CONVERSION = YES;
				GCC_WARN_ABOUT_RETURN_TYPE = YES_ERROR;
				GCC_WARN_UNDECLARED_SELECTOR = YES;
				GCC_WARN_UNINITIALIZED_AUTOS = YES_AGGRESSIVE;
				GCC_WARN_UNUSED_FUNCTION = YES;
				GCC_WARN_UNUSED_VARIABLE = YES;
				MACOSX_DEPLOYMENT_TARGET = 10.11;
				MTL_ENABLE_DEBUG_INFO = YES;
				ONLY_ACTIVE_ARCH = YES;
				SDKROOT = macosx;
			};
			name = Debug;
		};
		538DE0111BC6BC450066B2D0 /* Release */ = {
			isa = XCBuildConfiguration;
			buildSettings = {
				ALWAYS_SEARCH_USER_PATHS = NO;
				CLANG_CXX_LANGUAGE_STANDARD = "gnu++0x";
				CLANG_CXX_LIBRARY = "libc++";
				CLANG_ENABLE_MODULES = YES;
				CLANG_ENABLE_OBJC_ARC = YES;
				CLANG_WARN_BOOL_CONVERSION = YES;
				CLANG_WARN_CONSTANT_CONVERSION = YES;
				CLANG_WARN_DIRECT_OBJC_ISA_USAGE = YES_ERROR;
				CLANG_WARN_EMPTY_BODY = YES;
				CLANG_WARN_ENUM_CONVERSION = YES;
				CLANG_WARN_INT_CONVERSION = YES;
				CLANG_WARN_OBJC_ROOT_CLASS = YES_ERROR;
				CLANG_WARN_UNREACHABLE_CODE = YES;
				CLANG_WARN__DUPLICATE_METHOD_MATCH = YES;
				COPY_PHASE_STRIP = NO;
				DEBUG_INFORMATION_FORMAT = "dwarf-with-dsym";
				ENABLE_NS_ASSERTIONS = NO;
				ENABLE_STRICT_OBJC_MSGSEND = YES;
				GCC_C_LANGUAGE_STANDARD = gnu99;
				GCC_NO_COMMON_BLOCKS = YES;
				GCC_WARN_64_TO_32_BIT_CONVERSION = YES;
				GCC_WARN_ABOUT_RETURN_TYPE = YES_ERROR;
				GCC_WARN_UNDECLARED_SELECTOR = YES;
				GCC_WARN_UNINITIALIZED_AUTOS = YES_AGGRESSIVE;
				GCC_WARN_UNUSED_FUNCTION = YES;
				GCC_WARN_UNUSED_VARIABLE = YES;
				MACOSX_DEPLOYMENT_TARGET = 10.11;
				MTL_ENABLE_DEBUG_INFO = NO;
				SDKROOT = macosx;
			};
			name = Release;
		};
		538DE0131BC6BC450066B2D0 /* Debug */ = {
			isa = XCBuildConfiguration;
			buildSettings = {
				PRODUCT_NAME = "$(TARGET_NAME)";
			};
			name = Debug;
		};
		538DE0141BC6BC450066B2D0 /* Release */ = {
			isa = XCBuildConfiguration;
			buildSettings = {
				PRODUCT_NAME = "$(TARGET_NAME)";
			};
			name = Release;
		};
/* End XCBuildConfiguration section */

/* Begin XCConfigurationList section */
		538DE0061BC6BC430066B2D0 /* Build configuration list for PBXProject "Memory Algorithms" */ = {
			isa = XCConfigurationList;
			buildConfigurations = (
				538DE0101BC6BC450066B2D0 /* Debug */,
				538DE0111BC6BC450066B2D0 /* Release */,
			);
			defaultConfigurationIsVisible = 0;
			defaultConfigurationName = Release;
		};
		538DE0121BC6BC450066B2D0 /* Build configuration list for PBXNativeTarget "Memory Algorithms" */ = {
			isa = XCConfigurationList;
			buildConfigurations = (
				538DE0131BC6BC450066B2D0 /* Debug */,
				538DE0141BC6BC450066B2D0 /* Release */,
			);
			defaultConfigurationIsVisible = 0;
		};
/* End XCConfigurationList section */
	};
	rootObject = 538DE0031BC6BC430066B2D0 /* Project object */;
}
