// !$*UTF8*$!
{
	archiveVersion = 1;
	classes = {
	};
	objectVersion = 46;
	objects = {

/* Begin PBXBuildFile section */
		5350B75F1F760C9A00DE1938 /* main.cpp in Sources */ = {isa = PBXBuildFile; fileRef = 5350B75E1F760C9A00DE1938 /* main.cpp */; };
		5350B7681F760D6E00DE1938 /* KeySchedule.cpp in Sources */ = {isa = PBXBuildFile; fileRef = 5350B7661F760D6E00DE1938 /* KeySchedule.cpp */; };
/* End PBXBuildFile section */

/* Begin PBXCopyFilesBuildPhase section */
		5350B7591F760C9A00DE1938 /* CopyFiles */ = {
			isa = PBXCopyFilesBuildPhase;
			buildActionMask = 2147483647;
			dstPath = /usr/share/man/man1/;
			dstSubfolderSpec = 0;
			files = (
			);
			runOnlyForDeploymentPostprocessing = 1;
		};
/* End PBXCopyFilesBuildPhase section */

/* Begin PBXFileReference section */
		5350B75B1F760C9A00DE1938 /* AESkeyScheduling */ = {isa = PBXFileReference; explicitFileType = "compiled.mach-o.executable"; includeInIndex = 0; path = AESkeyScheduling; sourceTree = BUILT_PRODUCTS_DIR; };
		5350B75E1F760C9A00DE1938 /* main.cpp */ = {isa = PBXFileReference; lastKnownFileType = sourcecode.cpp.cpp; path = main.cpp; sourceTree = "<group>"; };
		5350B7651F760D4500DE1938 /* AESConstants.h */ = {isa = PBXFileReference; lastKnownFileType = sourcecode.c.h; path = AESConstants.h; sourceTree = "<group>"; };
		5350B7661F760D6E00DE1938 /* KeySchedule.cpp */ = {isa = PBXFileReference; fileEncoding = 4; lastKnownFileType = sourcecode.cpp.cpp; path = KeySchedule.cpp; sourceTree = "<group>"; };
		5350B7671F760D6E00DE1938 /* KeySchedule.h */ = {isa = PBXFileReference; fileEncoding = 4; lastKnownFileType = sourcecode.c.h; path = KeySchedule.h; sourceTree = "<group>"; };
/* End PBXFileReference section */

/* Begin PBXFrameworksBuildPhase section */
		5350B7581F760C9A00DE1938 /* Frameworks */ = {
			isa = PBXFrameworksBuildPhase;
			buildActionMask = 2147483647;
			files = (
			);
			runOnlyForDeploymentPostprocessing = 0;
		};
/* End PBXFrameworksBuildPhase section */

/* Begin PBXGroup section */
		5350B7521F760C9A00DE1938 = {
			isa = PBXGroup;
			children = (
				5350B75D1F760C9A00DE1938 /* AESkeyScheduling */,
				5350B75C1F760C9A00DE1938 /* Products */,
			);
			sourceTree = "<group>";
		};
		5350B75C1F760C9A00DE1938 /* Products */ = {
			isa = PBXGroup;
			children = (
				5350B75B1F760C9A00DE1938 /* AESkeyScheduling */,
			);
			name = Products;
			sourceTree = "<group>";
		};
		5350B75D1F760C9A00DE1938 /* AESkeyScheduling */ = {
			isa = PBXGroup;
			children = (
				5350B75E1F760C9A00DE1938 /* main.cpp */,
				5350B7651F760D4500DE1938 /* AESConstants.h */,
				5350B7661F760D6E00DE1938 /* KeySchedule.cpp */,
				5350B7671F760D6E00DE1938 /* KeySchedule.h */,
			);
			path = AESkeyScheduling;
			sourceTree = "<group>";
		};
/* End PBXGroup section */

/* Begin PBXNativeTarget section */
		5350B75A1F760C9A00DE1938 /* AESkeyScheduling */ = {
			isa = PBXNativeTarget;
			buildConfigurationList = 5350B7621F760C9A00DE1938 /* Build configuration list for PBXNativeTarget "AESkeyScheduling" */;
			buildPhases = (
				5350B7571F760C9A00DE1938 /* Sources */,
				5350B7581F760C9A00DE1938 /* Frameworks */,
				5350B7591F760C9A00DE1938 /* CopyFiles */,
			);
			buildRules = (
			);
			dependencies = (
			);
			name = AESkeyScheduling;
			productName = AESkeyScheduling;
			productReference = 5350B75B1F760C9A00DE1938 /* AESkeyScheduling */;
			productType = "com.apple.product-type.tool";
		};
/* End PBXNativeTarget section */

/* Begin PBXProject section */
		5350B7531F760C9A00DE1938 /* Project object */ = {
			isa = PBXProject;
			attributes = {
				LastUpgradeCheck = 0830;
				ORGANIZATIONNAME = "Pat Kevorkian";
				TargetAttributes = {
					5350B75A1F760C9A00DE1938 = {
						CreatedOnToolsVersion = 8.3.3;
						ProvisioningStyle = Automatic;
					};
				};
			};
			buildConfigurationList = 5350B7561F760C9A00DE1938 /* Build configuration list for PBXProject "AESkeyScheduling" */;
			compatibilityVersion = "Xcode 3.2";
			developmentRegion = English;
			hasScannedForEncodings = 0;
			knownRegions = (
				en,
			);
			mainGroup = 5350B7521F760C9A00DE1938;
			productRefGroup = 5350B75C1F760C9A00DE1938 /* Products */;
			projectDirPath = "";
			projectRoot = "";
			targets = (
				5350B75A1F760C9A00DE1938 /* AESkeyScheduling */,
			);
		};
/* End PBXProject section */

/* Begin PBXSourcesBuildPhase section */
		5350B7571F760C9A00DE1938 /* Sources */ = {
			isa = PBXSourcesBuildPhase;
			buildActionMask = 2147483647;
			files = (
				5350B7681F760D6E00DE1938 /* KeySchedule.cpp in Sources */,
				5350B75F1F760C9A00DE1938 /* main.cpp in Sources */,
			);
			runOnlyForDeploymentPostprocessing = 0;
		};
/* End PBXSourcesBuildPhase section */

/* Begin XCBuildConfiguration section */
		5350B7601F760C9A00DE1938 /* Debug */ = {
			isa = XCBuildConfiguration;
			buildSettings = {
				ALWAYS_SEARCH_USER_PATHS = NO;
				CLANG_ANALYZER_NONNULL = YES;
				CLANG_ANALYZER_NUMBER_OBJECT_CONVERSION = YES_AGGRESSIVE;
				CLANG_CXX_LANGUAGE_STANDARD = "gnu++0x";
				CLANG_CXX_LIBRARY = "libc++";
				CLANG_ENABLE_MODULES = YES;
				CLANG_ENABLE_OBJC_ARC = YES;
				CLANG_WARN_BOOL_CONVERSION = YES;
				CLANG_WARN_CONSTANT_CONVERSION = YES;
				CLANG_WARN_DIRECT_OBJC_ISA_USAGE = YES_ERROR;
				CLANG_WARN_DOCUMENTATION_COMMENTS = YES;
				CLANG_WARN_EMPTY_BODY = YES;
				CLANG_WARN_ENUM_CONVERSION = YES;
				CLANG_WARN_INFINITE_RECURSION = YES;
				CLANG_WARN_INT_CONVERSION = YES;
				CLANG_WARN_OBJC_ROOT_CLASS = YES_ERROR;
				CLANG_WARN_SUSPICIOUS_MOVE = YES;
				CLANG_WARN_UNREACHABLE_CODE = YES;
				CLANG_WARN__DUPLICATE_METHOD_MATCH = YES;
				CODE_SIGN_IDENTITY = "-";
				COPY_PHASE_STRIP = NO;
				DEBUG_INFORMATION_FORMAT = dwarf;
				ENABLE_STRICT_OBJC_MSGSEND = YES;
				ENABLE_TESTABILITY = YES;
				GCC_C_LANGUAGE_STANDARD = gnu99;
				GCC_DYNAMIC_NO_PIC = NO;
				GCC_NO_COMMON_BLOCKS = YES;
				GCC_OPTIMIZATION_LEVEL = 0;
				GCC_PREPROCESSOR_DEFINITIONS = (
					"DEBUG=1",
					"$(inherited)",
				);
				GCC_WARN_64_TO_32_BIT_CONVERSION = YES;
				GCC_WARN_ABOUT_RETURN_TYPE = YES_ERROR;
				GCC_WARN_UNDECLARED_SELECTOR = YES;
				GCC_WARN_UNINITIALIZED_AUTOS = YES_AGGRESSIVE;
				GCC_WARN_UNUSED_FUNCTION = YES;
				GCC_WARN_UNUSED_VARIABLE = YES;
				MACOSX_DEPLOYMENT_TARGET = 10.13;
				MTL_ENABLE_DEBUG_INFO = YES;
				ONLY_ACTIVE_ARCH = YES;
				SDKROOT = macosx;
			};
			name = Debug;
		};
		5350B7611F760C9A00DE1938 /* Release */ = {
			isa = XCBuildConfiguration;
			buildSettings = {
				ALWAYS_SEARCH_USER_PATHS = NO;
				CLANG_ANALYZER_NONNULL = YES;
				CLANG_ANALYZER_NUMBER_OBJECT_CONVERSION = YES_AGGRESSIVE;
				CLANG_CXX_LANGUAGE_STANDARD = "gnu++0x";
				CLANG_CXX_LIBRARY = "libc++";
				CLANG_ENABLE_MODULES = YES;
				CLANG_ENABLE_OBJC_ARC = YES;
				CLANG_WARN_BOOL_CONVERSION = YES;
				CLANG_WARN_CONSTANT_CONVERSION = YES;
				CLANG_WARN_DIRECT_OBJC_ISA_USAGE = YES_ERROR;
				CLANG_WARN_DOCUMENTATION_COMMENTS = YES;
				CLANG_WARN_EMPTY_BODY = YES;
				CLANG_WARN_ENUM_CONVERSION = YES;
				CLANG_WARN_INFINITE_RECURSION = YES;
				CLANG_WARN_INT_CONVERSION = YES;
				CLANG_WARN_OBJC_ROOT_CLASS = YES_ERROR;
				CLANG_WARN_SUSPICIOUS_MOVE = YES;
				CLANG_WARN_UNREACHABLE_CODE = YES;
				CLANG_WARN__DUPLICATE_METHOD_MATCH = YES;
				CODE_SIGN_IDENTITY = "-";
				COPY_PHASE_STRIP = NO;
				DEBUG_INFORMATION_FORMAT = "dwarf-with-dsym";
				ENABLE_NS_ASSERTIONS = NO;
				ENABLE_STRICT_OBJC_MSGSEND = YES;
				GCC_C_LANGUAGE_STANDARD = gnu99;
				GCC_NO_COMMON_BLOCKS = YES;
				GCC_WARN_64_TO_32_BIT_CONVERSION = YES;
				GCC_WARN_ABOUT_RETURN_TYPE = YES_ERROR;
				GCC_WARN_UNDECLARED_SELECTOR = YES;
				GCC_WARN_UNINITIALIZED_AUTOS = YES_AGGRESSIVE;
				GCC_WARN_UNUSED_FUNCTION = YES;
				GCC_WARN_UNUSED_VARIABLE = YES;
				MACOSX_DEPLOYMENT_TARGET = 10.13;
				MTL_ENABLE_DEBUG_INFO = NO;
				SDKROOT = macosx;
			};
			name = Release;
		};
		5350B7631F760C9A00DE1938 /* Debug */ = {
			isa = XCBuildConfiguration;
			buildSettings = {
				PRODUCT_NAME = "$(TARGET_NAME)";
			};
			name = Debug;
		};
		5350B7641F760C9A00DE1938 /* Release */ = {
			isa = XCBuildConfiguration;
			buildSettings = {
				PRODUCT_NAME = "$(TARGET_NAME)";
			};
			name = Release;
		};
/* End XCBuildConfiguration section */

/* Begin XCConfigurationList section */
		5350B7561F760C9A00DE1938 /* Build configuration list for PBXProject "AESkeyScheduling" */ = {
			isa = XCConfigurationList;
			buildConfigurations = (
				5350B7601F760C9A00DE1938 /* Debug */,
				5350B7611F760C9A00DE1938 /* Release */,
			);
			defaultConfigurationIsVisible = 0;
			defaultConfigurationName = Release;
		};
		5350B7621F760C9A00DE1938 /* Build configuration list for PBXNativeTarget "AESkeyScheduling" */ = {
			isa = XCConfigurationList;
			buildConfigurations = (
				5350B7631F760C9A00DE1938 /* Debug */,
				5350B7641F760C9A00DE1938 /* Release */,
			);
			defaultConfigurationIsVisible = 0;
		};
/* End XCConfigurationList section */
	};
	rootObject = 5350B7531F760C9A00DE1938 /* Project object */;
}
