// !$*UTF8*$!
{
	archiveVersion = 1;
	classes = {
	};
	objectVersion = 46;
	objects = {

/* Begin PBXBuildFile section */
		53EDBA5F19C220BA00BCA98C /* main.cpp in Sources */ = {isa = PBXBuildFile; fileRef = 53EDBA5E19C220BA00BCA98C /* main.cpp */; };
/* End PBXBuildFile section */

/* Begin PBXCopyFilesBuildPhase section */
		53EDBA5919C220B900BCA98C /* CopyFiles */ = {
			isa = PBXCopyFilesBuildPhase;
			buildActionMask = 2147483647;
			dstPath = /usr/share/man/man1/;
			dstSubfolderSpec = 0;
			files = (
			);
			runOnlyForDeploymentPostprocessing = 1;
		};
/* End PBXCopyFilesBuildPhase section */

/* Begin PBXFileReference section */
		53EDBA5B19C220B900BCA98C /* Recursion Fib sequence */ = {isa = PBXFileReference; explicitFileType = "compiled.mach-o.executable"; includeInIndex = 0; path = "Recursion Fib sequence"; sourceTree = BUILT_PRODUCTS_DIR; };
		53EDBA5E19C220BA00BCA98C /* main.cpp */ = {isa = PBXFileReference; lastKnownFileType = sourcecode.cpp.cpp; path = main.cpp; sourceTree = "<group>"; };
/* End PBXFileReference section */

/* Begin PBXFrameworksBuildPhase section */
		53EDBA5819C220B900BCA98C /* Frameworks */ = {
			isa = PBXFrameworksBuildPhase;
			buildActionMask = 2147483647;
			files = (
			);
			runOnlyForDeploymentPostprocessing = 0;
		};
/* End PBXFrameworksBuildPhase section */

/* Begin PBXGroup section */
		53EDBA5219C220B900BCA98C = {
			isa = PBXGroup;
			children = (
				53EDBA5D19C220B900BCA98C /* Recursion Fib sequence */,
				53EDBA5C19C220B900BCA98C /* Products */,
			);
			sourceTree = "<group>";
		};
		53EDBA5C19C220B900BCA98C /* Products */ = {
			isa = PBXGroup;
			children = (
				53EDBA5B19C220B900BCA98C /* Recursion Fib sequence */,
			);
			name = Products;
			sourceTree = "<group>";
		};
		53EDBA5D19C220B900BCA98C /* Recursion Fib sequence */ = {
			isa = PBXGroup;
			children = (
				53EDBA5E19C220BA00BCA98C /* main.cpp */,
			);
			path = "Recursion Fib sequence";
			sourceTree = "<group>";
		};
/* End PBXGroup section */

/* Begin PBXNativeTarget section */
		53EDBA5A19C220B900BCA98C /* Recursion Fib sequence */ = {
			isa = PBXNativeTarget;
			buildConfigurationList = 53EDBA6219C220BA00BCA98C /* Build configuration list for PBXNativeTarget "Recursion Fib sequence" */;
			buildPhases = (
				53EDBA5719C220B900BCA98C /* Sources */,
				53EDBA5819C220B900BCA98C /* Frameworks */,
				53EDBA5919C220B900BCA98C /* CopyFiles */,
			);
			buildRules = (
			);
			dependencies = (
			);
			name = "Recursion Fib sequence";
			productName = "Recursion Fib sequence";
			productReference = 53EDBA5B19C220B900BCA98C /* Recursion Fib sequence */;
			productType = "com.apple.product-type.tool";
		};
/* End PBXNativeTarget section */

/* Begin PBXProject section */
		53EDBA5319C220B900BCA98C /* Project object */ = {
			isa = PBXProject;
			attributes = {
				LastUpgradeCheck = 0600;
				ORGANIZATIONNAME = "Pat Kevorkian";
				TargetAttributes = {
					53EDBA5A19C220B900BCA98C = {
						CreatedOnToolsVersion = 6.0;
					};
				};
			};
			buildConfigurationList = 53EDBA5619C220B900BCA98C /* Build configuration list for PBXProject "Recursion Fib sequence" */;
			compatibilityVersion = "Xcode 3.2";
			developmentRegion = English;
			hasScannedForEncodings = 0;
			knownRegions = (
				en,
			);
			mainGroup = 53EDBA5219C220B900BCA98C;
			productRefGroup = 53EDBA5C19C220B900BCA98C /* Products */;
			projectDirPath = "";
			projectRoot = "";
			targets = (
				53EDBA5A19C220B900BCA98C /* Recursion Fib sequence */,
			);
		};
/* End PBXProject section */

/* Begin PBXSourcesBuildPhase section */
		53EDBA5719C220B900BCA98C /* Sources */ = {
			isa = PBXSourcesBuildPhase;
			buildActionMask = 2147483647;
			files = (
				53EDBA5F19C220BA00BCA98C /* main.cpp in Sources */,
			);
			runOnlyForDeploymentPostprocessing = 0;
		};
/* End PBXSourcesBuildPhase section */

/* Begin XCBuildConfiguration section */
		53EDBA6019C220BA00BCA98C /* Debug */ = {
			isa = XCBuildConfiguration;
			buildSettings = {
				ALWAYS_SEARCH_USER_PATHS = NO;
				CLANG_CXX_LANGUAGE_STANDARD = "gnu++0x";
				CLANG_CXX_LIBRARY = "libc++";
				CLANG_ENABLE_MODULES = YES;
				CLANG_ENABLE_OBJC_ARC = YES;
				CLANG_WARN_BOOL_CONVERSION = YES;
				CLANG_WARN_CONSTANT_CONVERSION = YES;
				CLANG_WARN_DIRECT_OBJC_ISA_USAGE = YES_ERROR;
				CLANG_WARN_EMPTY_BODY = YES;
				CLANG_WARN_ENUM_CONVERSION = YES;
				CLANG_WARN_INT_CONVERSION = YES;
				CLANG_WARN_OBJC_ROOT_CLASS = YES_ERROR;
				CLANG_WARN_UNREACHABLE_CODE = YES;
				CLANG_WARN__DUPLICATE_METHOD_MATCH = YES;
				COPY_PHASE_STRIP = NO;
				ENABLE_STRICT_OBJC_MSGSEND = YES;
				GCC_C_LANGUAGE_STANDARD = gnu99;
				GCC_DYNAMIC_NO_PIC = NO;
				GCC_OPTIMIZATION_LEVEL = 0;
				GCC_PREPROCESSOR_DEFINITIONS = (
					"DEBUG=1",
					"$(inherited)",
				);
				GCC_SYMBOLS_PRIVATE_EXTERN = NO;
				GCC_WARN_64_TO_32_BIT_CONVERSION = YES;
				GCC_WARN_ABOUT_RETURN_TYPE = YES_ERROR;
				GCC_WARN_UNDECLARED_SELECTOR = YES;
				GCC_WARN_UNINITIALIZED_AUTOS = YES_AGGRESSIVE;
				GCC_WARN_UNUSED_FUNCTION = YES;
				GCC_WARN_UNUSED_VARIABLE = YES;
				MACOSX_DEPLOYMENT_TARGET = 10.10;
				MTL_ENABLE_DEBUG_INFO = YES;
				ONLY_ACTIVE_ARCH = YES;
				SDKROOT = macosx;
			};
			name = Debug;
		};
		53EDBA6119C220BA00BCA98C /* Release */ = {
			isa = XCBuildConfiguration;
			buildSettings = {
				ALWAYS_SEARCH_USER_PATHS = NO;
				CLANG_CXX_LANGUAGE_STANDARD = "gnu++0x";
				CLANG_CXX_LIBRARY = "libc++";
				CLANG_ENABLE_MODULES = YES;
				CLANG_ENABLE_OBJC_ARC = YES;
				CLANG_WARN_BOOL_CONVERSION = YES;
				CLANG_WARN_CONSTANT_CONVERSION = YES;
				CLANG_WARN_DIRECT_OBJC_ISA_USAGE = YES_ERROR;
				CLANG_WARN_EMPTY_BODY = YES;
				CLANG_WARN_ENUM_CONVERSION = YES;
				CLANG_WARN_INT_CONVERSION = YES;
				CLANG_WARN_OBJC_ROOT_CLASS = YES_ERROR;
				CLANG_WARN_UNREACHABLE_CODE = YES;
				CLANG_WARN__DUPLICATE_METHOD_MATCH = YES;
				COPY_PHASE_STRIP = YES;
				DEBUG_INFORMATION_FORMAT = "dwarf-with-dsym";
				ENABLE_NS_ASSERTIONS = NO;
				ENABLE_STRICT_OBJC_MSGSEND = YES;
				GCC_C_LANGUAGE_STANDARD = gnu99;
				GCC_WARN_64_TO_32_BIT_CONVERSION = YES;
				GCC_WARN_ABOUT_RETURN_TYPE = YES_ERROR;
				GCC_WARN_UNDECLARED_SELECTOR = YES;
				GCC_WARN_UNINITIALIZED_AUTOS = YES_AGGRESSIVE;
				GCC_WARN_UNUSED_FUNCTION = YES;
				GCC_WARN_UNUSED_VARIABLE = YES;
				MACOSX_DEPLOYMENT_TARGET = 10.10;
				MTL_ENABLE_DEBUG_INFO = NO;
				SDKROOT = macosx;
			};
			name = Release;
		};
		53EDBA6319C220BA00BCA98C /* Debug */ = {
			isa = XCBuildConfiguration;
			buildSettings = {
				PRODUCT_NAME = "$(TARGET_NAME)";
			};
			name = Debug;
		};
		53EDBA6419C220BA00BCA98C /* Release */ = {
			isa = XCBuildConfiguration;
			buildSettings = {
				PRODUCT_NAME = "$(TARGET_NAME)";
			};
			name = Release;
		};
/* End XCBuildConfiguration section */

/* Begin XCConfigurationList section */
		53EDBA5619C220B900BCA98C /* Build configuration list for PBXProject "Recursion Fib sequence" */ = {
			isa = XCConfigurationList;
			buildConfigurations = (
				53EDBA6019C220BA00BCA98C /* Debug */,
				53EDBA6119C220BA00BCA98C /* Release */,
			);
			defaultConfigurationIsVisible = 0;
			defaultConfigurationName = Release;
		};
		53EDBA6219C220BA00BCA98C /* Build configuration list for PBXNativeTarget "Recursion Fib sequence" */ = {
			isa = XCConfigurationList;
			buildConfigurations = (
				53EDBA6319C220BA00BCA98C /* Debug */,
				53EDBA6419C220BA00BCA98C /* Release */,
			);
			defaultConfigurationIsVisible = 0;
		};
/* End XCConfigurationList section */
	};
	rootObject = 53EDBA5319C220B900BCA98C /* Project object */;
}
